
Microsoft Visual Studio Solution File, Format Version 12.00
# Visual Studio 15
VisualStudioVersion = 15.0.28307.2092
MinimumVisualStudioVersion = 10.0.40219.1
Project("{8BC9CEB8-8B4A-11D0-8D11-00A0C91BC942}") = "CountChars", "CountChars\CountChars.vcxproj", "{458B42B2-1D38-4194-B044-667B13014C99}"
EndProject
Global
	GlobalSection(SolutionConfigurationPlatforms) = preSolution
		Debug|x64 = Debug|x64
		Debug|x86 = Debug|x86
		Release|x64 = Release|x64
		Release|x86 = Release|x86
	EndGlobalSection
	GlobalSection(ProjectConfigurationPlatforms) = postSolution
		{458B42B2-1D38-4194-B044-667B13014C99}.Debug|x64.ActiveCfg = Debug|x64
		{458B42B2-1D38-4194-B044-667B13014C99}.Debug|x64.Build.0 = Debug|x64
		{458B42B2-1D38-4194-B044-667B13014C99}.Debug|x86.ActiveCfg = Debug|Win32
		{458B42B2-1D38-4194-B044-667B13014C99}.Debug|x86.Build.0 = Debug|Win32
		{458B42B2-1D38-4194-B044-667B13014C99}.Release|x64.ActiveCfg = Release|x64
		{458B42B2-1D38-4194-B044-667B13014C99}.Release|x64.Build.0 = Release|x64
		{458B42B2-1D38-4194-B044-667B13014C99}.Release|x86.ActiveCfg = Release|Win32
		{458B42B2-1D38-4194-B044-667B13014C99}.Release|x86.Build.0 = Release|Win32
	EndGlobalSection
	GlobalSection(SolutionProperties) = preSolution
		HideSolutionNode = FALSE
	EndGlobalSection
	GlobalSection(ExtensibilityGlobals) = postSolution
		SolutionGuid = {591C23FF-83DF-40E9-B5BF-AAADABD9EF48}
	EndGlobalSection
EndGlobal
